
Microsoft Visual Studio Solution File, Format Version 12.00
# Visual Studio Version 17
VisualStudioVersion = 17.4.33213.308
MinimumVisualStudioVersion = 10.0.40219.1
Project("{FAE04EC0-301F-11D3-BF4B-00C04F79EFBC}") = "ConsoleUI", "ConsoleUI.csproj", "{62E4B1BD-8C1D-408C-ABBE-28B96A77805C}"
EndProject
Global
	GlobalSection(SolutionConfigurationPlatforms) = preSolution
		Debug|Any CPU = Debug|Any CPU
		Release|Any CPU = Release|Any CPU
	EndGlobalSection
	GlobalSection(ProjectConfigurationPlatforms) = postSolution
		{62E4B1BD-8C1D-408C-ABBE-28B96A77805C}.Debug|Any CPU.ActiveCfg = Debug|Any CPU
		{62E4B1BD-8C1D-408C-ABBE-28B96A77805C}.Debug|Any CPU.Build.0 = Debug|Any CPU
		{62E4B1BD-8C1D-408C-ABBE-28B96A77805C}.Release|Any CPU.ActiveCfg = Release|Any CPU
		{62E4B1BD-8C1D-408C-ABBE-28B96A77805C}.Release|Any CPU.Build.0 = Release|Any CPU
	EndGlobalSection
	GlobalSection(SolutionProperties) = preSolution
		HideSolutionNode = FALSE
	EndGlobalSection
	GlobalSection(ExtensibilityGlobals) = postSolution
		SolutionGuid = {93774241-3370-4C2A-A406-0E7D7527B982}
	EndGlobalSection
EndGlobal
